
Microsoft Visual Studio Solution File, Format Version 12.00
# Visual Studio Version 17
VisualStudioVersion = 17.3.32901.215
MinimumVisualStudioVersion = 10.0.40219.1
Project("{8BC9CEB8-8B4A-11D0-8D11-00A0C91BC942}") = "Task 1", "Task 1\Task 1.vcxproj", "{0D501FD8-020C-495E-B622-AB9D313CB53B}"
EndProject
Project("{8BC9CEB8-8B4A-11D0-8D11-00A0C91BC942}") = "Task 2", "task 2\task 2.vcxproj", "{EB7D777C-B0E3-49D2-A153-4095DF060F6B}"
EndProject
Project("{8BC9CEB8-8B4A-11D0-8D11-00A0C91BC942}") = "Task 4", "Task 4\Task 4.vcxproj", "{CC7FF005-5FA5-4EE5-839A-192D1477B138}"
EndProject
Project("{8BC9CEB8-8B4A-11D0-8D11-00A0C91BC942}") = "Task 3", "Task 3\Task 3.vcxproj", "{85316CCB-27DD-45B2-92D1-3BCB1EF7D841}"
EndProject
Project("{8BC9CEB8-8B4A-11D0-8D11-00A0C91BC942}") = "Task 5", "Task 5\Task 5.vcxproj", "{B660AFAF-59AA-48B3-86EA-96A08C7C5183}"
EndProject
Project("{8BC9CEB8-8B4A-11D0-8D11-00A0C91BC942}") = "Task 6", "Task 6\Task 6.vcxproj", "{5EC3CA39-3789-4ECF-84F3-4717E7244B04}"
EndProject
Project("{8BC9CEB8-8B4A-11D0-8D11-00A0C91BC942}") = "Task 7", "Task 7\Task 7.vcxproj", "{9421D620-D4CB-4AF4-AA08-9CF238BC8CFE}"
EndProject
Project("{8BC9CEB8-8B4A-11D0-8D11-00A0C91BC942}") = "Task 8", "Task 8\Task 8.vcxproj", "{9337197D-F555-4D46-80AE-7B91CC601319}"
EndProject
Project("{8BC9CEB8-8B4A-11D0-8D11-00A0C91BC942}") = "Task 9", "Task 9\Task 9.vcxproj", "{B707355E-AC15-4964-91A6-48BB8E7F0928}"
EndProject
Global
	GlobalSection(SolutionConfigurationPlatforms) = preSolution
		Debug|x64 = Debug|x64
		Debug|x86 = Debug|x86
		Release|x64 = Release|x64
		Release|x86 = Release|x86
	EndGlobalSection
	GlobalSection(ProjectConfigurationPlatforms) = postSolution
		{0D501FD8-020C-495E-B622-AB9D313CB53B}.Debug|x64.ActiveCfg = Debug|x64
		{0D501FD8-020C-495E-B622-AB9D313CB53B}.Debug|x64.Build.0 = Debug|x64
		{0D501FD8-020C-495E-B622-AB9D313CB53B}.Debug|x86.ActiveCfg = Debug|Win32
		{0D501FD8-020C-495E-B622-AB9D313CB53B}.Debug|x86.Build.0 = Debug|Win32
		{0D501FD8-020C-495E-B622-AB9D313CB53B}.Release|x64.ActiveCfg = Release|x64
		{0D501FD8-020C-495E-B622-AB9D313CB53B}.Release|x64.Build.0 = Release|x64
		{0D501FD8-020C-495E-B622-AB9D313CB53B}.Release|x86.ActiveCfg = Release|Win32
		{0D501FD8-020C-495E-B622-AB9D313CB53B}.Release|x86.Build.0 = Release|Win32
		{EB7D777C-B0E3-49D2-A153-4095DF060F6B}.Debug|x64.ActiveCfg = Debug|x64
		{EB7D777C-B0E3-49D2-A153-4095DF060F6B}.Debug|x64.Build.0 = Debug|x64
		{EB7D777C-B0E3-49D2-A153-4095DF060F6B}.Debug|x86.ActiveCfg = Debug|Win32
		{EB7D777C-B0E3-49D2-A153-4095DF060F6B}.Debug|x86.Build.0 = Debug|Win32
		{EB7D777C-B0E3-49D2-A153-4095DF060F6B}.Release|x64.ActiveCfg = Release|x64
		{EB7D777C-B0E3-49D2-A153-4095DF060F6B}.Release|x64.Build.0 = Release|x64
		{EB7D777C-B0E3-49D2-A153-4095DF060F6B}.Release|x86.ActiveCfg = Release|Win32
		{EB7D777C-B0E3-49D2-A153-4095DF060F6B}.Release|x86.Build.0 = Release|Win32
		{CC7FF005-5FA5-4EE5-839A-192D1477B138}.Debug|x64.ActiveCfg = Debug|x64
		{CC7FF005-5FA5-4EE5-839A-192D1477B138}.Debug|x64.Build.0 = Debug|x64
		{CC7FF005-5FA5-4EE5-839A-192D1477B138}.Debug|x86.ActiveCfg = Debug|Win32
		{CC7FF005-5FA5-4EE5-839A-192D1477B138}.Debug|x86.Build.0 = Debug|Win32
		{CC7FF005-5FA5-4EE5-839A-192D1477B138}.Release|x64.ActiveCfg = Release|x64
		{CC7FF005-5FA5-4EE5-839A-192D1477B138}.Release|x64.Build.0 = Release|x64
		{CC7FF005-5FA5-4EE5-839A-192D1477B138}.Release|x86.ActiveCfg = Release|Win32
		{CC7FF005-5FA5-4EE5-839A-192D1477B138}.Release|x86.Build.0 = Release|Win32
		{85316CCB-27DD-45B2-92D1-3BCB1EF7D841}.Debug|x64.ActiveCfg = Debug|x64
		{85316CCB-27DD-45B2-92D1-3BCB1EF7D841}.Debug|x64.Build.0 = Debug|x64
		{85316CCB-27DD-45B2-92D1-3BCB1EF7D841}.Debug|x86.ActiveCfg = Debug|Win32
		{85316CCB-27DD-45B2-92D1-3BCB1EF7D841}.Debug|x86.Build.0 = Debug|Win32
		{85316CCB-27DD-45B2-92D1-3BCB1EF7D841}.Release|x64.ActiveCfg = Release|x64
		{85316CCB-27DD-45B2-92D1-3BCB1EF7D841}.Release|x64.Build.0 = Release|x64
		{85316CCB-27DD-45B2-92D1-3BCB1EF7D841}.Release|x86.ActiveCfg = Release|Win32
		{85316CCB-27DD-45B2-92D1-3BCB1EF7D841}.Release|x86.Build.0 = Release|Win32
		{B660AFAF-59AA-48B3-86EA-96A08C7C5183}.Debug|x64.ActiveCfg = Debug|x64
		{B660AFAF-59AA-48B3-86EA-96A08C7C5183}.Debug|x64.Build.0 = Debug|x64
		{B660AFAF-59AA-48B3-86EA-96A08C7C5183}.Debug|x86.ActiveCfg = Debug|Win32
		{B660AFAF-59AA-48B3-86EA-96A08C7C5183}.Debug|x86.Build.0 = Debug|Win32
		{B660AFAF-59AA-48B3-86EA-96A08C7C5183}.Release|x64.ActiveCfg = Release|x64
		{B660AFAF-59AA-48B3-86EA-96A08C7C5183}.Release|x64.Build.0 = Release|x64
		{B660AFAF-59AA-48B3-86EA-96A08C7C5183}.Release|x86.ActiveCfg = Release|Win32
		{B660AFAF-59AA-48B3-86EA-96A08C7C5183}.Release|x86.Build.0 = Release|Win32
		{5EC3CA39-3789-4ECF-84F3-4717E7244B04}.Debug|x64.ActiveCfg = Debug|x64
		{5EC3CA39-3789-4ECF-84F3-4717E7244B04}.Debug|x64.Build.0 = Debug|x64
		{5EC3CA39-3789-4ECF-84F3-4717E7244B04}.Debug|x86.ActiveCfg = Debug|Win32
		{5EC3CA39-3789-4ECF-84F3-4717E7244B04}.Debug|x86.Build.0 = Debug|Win32
		{5EC3CA39-3789-4ECF-84F3-4717E7244B04}.Release|x64.ActiveCfg = Release|x64
		{5EC3CA39-3789-4ECF-84F3-4717E7244B04}.Release|x64.Build.0 = Release|x64
		{5EC3CA39-3789-4ECF-84F3-4717E7244B04}.Release|x86.ActiveCfg = Release|Win32
		{5EC3CA39-3789-4ECF-84F3-4717E7244B04}.Release|x86.Build.0 = Release|Win32
		{9421D620-D4CB-4AF4-AA08-9CF238BC8CFE}.Debug|x64.ActiveCfg = Debug|x64
		{9421D620-D4CB-4AF4-AA08-9CF238BC8CFE}.Debug|x64.Build.0 = Debug|x64
		{9421D620-D4CB-4AF4-AA08-9CF238BC8CFE}.Debug|x86.ActiveCfg = Debug|Win32
		{9421D620-D4CB-4AF4-AA08-9CF238BC8CFE}.Debug|x86.Build.0 = Debug|Win32
		{9421D620-D4CB-4AF4-AA08-9CF238BC8CFE}.Release|x64.ActiveCfg = Release|x64
		{9421D620-D4CB-4AF4-AA08-9CF238BC8CFE}.Release|x64.Build.0 = Release|x64
		{9421D620-D4CB-4AF4-AA08-9CF238BC8CFE}.Release|x86.ActiveCfg = Release|Win32
		{9421D620-D4CB-4AF4-AA08-9CF238BC8CFE}.Release|x86.Build.0 = Release|Win32
		{9337197D-F555-4D46-80AE-7B91CC601319}.Debug|x64.ActiveCfg = Debug|x64
		{9337197D-F555-4D46-80AE-7B91CC601319}.Debug|x64.Build.0 = Debug|x64
		{9337197D-F555-4D46-80AE-7B91CC601319}.Debug|x86.ActiveCfg = Debug|Win32
		{9337197D-F555-4D46-80AE-7B91CC601319}.Debug|x86.Build.0 = Debug|Win32
		{9337197D-F555-4D46-80AE-7B91CC601319}.Release|x64.ActiveCfg = Release|x64
		{9337197D-F555-4D46-80AE-7B91CC601319}.Release|x64.Build.0 = Release|x64
		{9337197D-F555-4D46-80AE-7B91CC601319}.Release|x86.ActiveCfg = Release|Win32
		{9337197D-F555-4D46-80AE-7B91CC601319}.Release|x86.Build.0 = Release|Win32
		{B707355E-AC15-4964-91A6-48BB8E7F0928}.Debug|x64.ActiveCfg = Debug|x64
		{B707355E-AC15-4964-91A6-48BB8E7F0928}.Debug|x64.Build.0 = Debug|x64
		{B707355E-AC15-4964-91A6-48BB8E7F0928}.Debug|x86.ActiveCfg = Debug|Win32
		{B707355E-AC15-4964-91A6-48BB8E7F0928}.Debug|x86.Build.0 = Debug|Win32
		{B707355E-AC15-4964-91A6-48BB8E7F0928}.Release|x64.ActiveCfg = Release|x64
		{B707355E-AC15-4964-91A6-48BB8E7F0928}.Release|x64.Build.0 = Release|x64
		{B707355E-AC15-4964-91A6-48BB8E7F0928}.Release|x86.ActiveCfg = Release|Win32
		{B707355E-AC15-4964-91A6-48BB8E7F0928}.Release|x86.Build.0 = Release|Win32
	EndGlobalSection
	GlobalSection(SolutionProperties) = preSolution
		HideSolutionNode = FALSE
	EndGlobalSection
	GlobalSection(ExtensibilityGlobals) = postSolution
		SolutionGuid = {A72A74F2-0AB1-4FE2-9A6D-F4C4C2B789A4}
	EndGlobalSection
EndGlobal
