
Microsoft Visual Studio Solution File, Format Version 12.00
# Visual Studio Version 17
VisualStudioVersion = 17.4.33403.182
MinimumVisualStudioVersion = 10.0.40219.1
Project("{8BC9CEB8-8B4A-11D0-8D11-00A0C91BC942}") = "Task 1", "Task 1\Task 1.vcxproj", "{7042454C-430B-4059-AC11-AC583AC5B8CD}"
EndProject
Global
	GlobalSection(SolutionConfigurationPlatforms) = preSolution
		Debug|x64 = Debug|x64
		Debug|x86 = Debug|x86
		Release|x64 = Release|x64
		Release|x86 = Release|x86
	EndGlobalSection
	GlobalSection(ProjectConfigurationPlatforms) = postSolution
		{7042454C-430B-4059-AC11-AC583AC5B8CD}.Debug|x64.ActiveCfg = Debug|x64
		{7042454C-430B-4059-AC11-AC583AC5B8CD}.Debug|x64.Build.0 = Debug|x64
		{7042454C-430B-4059-AC11-AC583AC5B8CD}.Debug|x86.ActiveCfg = Debug|Win32
		{7042454C-430B-4059-AC11-AC583AC5B8CD}.Debug|x86.Build.0 = Debug|Win32
		{7042454C-430B-4059-AC11-AC583AC5B8CD}.Release|x64.ActiveCfg = Release|x64
		{7042454C-430B-4059-AC11-AC583AC5B8CD}.Release|x64.Build.0 = Release|x64
		{7042454C-430B-4059-AC11-AC583AC5B8CD}.Release|x86.ActiveCfg = Release|Win32
		{7042454C-430B-4059-AC11-AC583AC5B8CD}.Release|x86.Build.0 = Release|Win32
	EndGlobalSection
	GlobalSection(SolutionProperties) = preSolution
		HideSolutionNode = FALSE
	EndGlobalSection
	GlobalSection(ExtensibilityGlobals) = postSolution
		SolutionGuid = {481D043A-BE17-4E42-BC18-4386071090E7}
	EndGlobalSection
EndGlobal
