
Microsoft Visual Studio Solution File, Format Version 12.00
# Visual Studio Version 17
VisualStudioVersion = 17.3.32901.215
MinimumVisualStudioVersion = 10.0.40219.1
Project("{8BC9CEB8-8B4A-11D0-8D11-00A0C91BC942}") = "Task 1", "Task 1\Task 1.vcxproj", "{8666FA87-6A2F-4F3D-94C3-6D7D801824B2}"
EndProject
Project("{8BC9CEB8-8B4A-11D0-8D11-00A0C91BC942}") = "Task 2", "Task 2\Task 2.vcxproj", "{3F89ED2E-50F8-480C-88AE-1EA0FFC269CF}"
EndProject
Project("{8BC9CEB8-8B4A-11D0-8D11-00A0C91BC942}") = "Task 3", "Task 3\Task 3.vcxproj", "{5E8CAD42-DA0F-4E87-88D3-E62F005ABD8E}"
EndProject
Project("{8BC9CEB8-8B4A-11D0-8D11-00A0C91BC942}") = "Task 4", "Task 4\Task 4.vcxproj", "{B27799EB-85ED-4848-8F62-0780071E28DD}"
EndProject
Project("{8BC9CEB8-8B4A-11D0-8D11-00A0C91BC942}") = "Task 5", "Task 5\Task 5.vcxproj", "{9DD31294-E599-492F-8276-3EB7A2B5250B}"
EndProject
Project("{8BC9CEB8-8B4A-11D0-8D11-00A0C91BC942}") = "Task 6", "Task 6\Task 6.vcxproj", "{BF5EA7F3-B00C-47A6-9ACC-7FD05B007B08}"
EndProject
Project("{8BC9CEB8-8B4A-11D0-8D11-00A0C91BC942}") = "Task 7", "Task 7\Task 7.vcxproj", "{171DA2C2-62F6-476C-8E47-ADDA8B865E45}"
EndProject
Project("{8BC9CEB8-8B4A-11D0-8D11-00A0C91BC942}") = "Task 8", "Task 8\Task 8.vcxproj", "{541D44FC-FA72-4E35-A229-E6A34EA03A0F}"
EndProject
Project("{8BC9CEB8-8B4A-11D0-8D11-00A0C91BC942}") = "Task 9", "Task 9\Task 9.vcxproj", "{08C58FC3-8E83-423D-ADFF-A80F4F676123}"
EndProject
Project("{8BC9CEB8-8B4A-11D0-8D11-00A0C91BC942}") = "Task 10", "Task 10\Task 10.vcxproj", "{E2CF63BA-7A49-4066-A1D2-AABA1784E06C}"
EndProject
Global
	GlobalSection(SolutionConfigurationPlatforms) = preSolution
		Debug|x64 = Debug|x64
		Debug|x86 = Debug|x86
		Release|x64 = Release|x64
		Release|x86 = Release|x86
	EndGlobalSection
	GlobalSection(ProjectConfigurationPlatforms) = postSolution
		{8666FA87-6A2F-4F3D-94C3-6D7D801824B2}.Debug|x64.ActiveCfg = Debug|x64
		{8666FA87-6A2F-4F3D-94C3-6D7D801824B2}.Debug|x64.Build.0 = Debug|x64
		{8666FA87-6A2F-4F3D-94C3-6D7D801824B2}.Debug|x86.ActiveCfg = Debug|Win32
		{8666FA87-6A2F-4F3D-94C3-6D7D801824B2}.Debug|x86.Build.0 = Debug|Win32
		{8666FA87-6A2F-4F3D-94C3-6D7D801824B2}.Release|x64.ActiveCfg = Release|x64
		{8666FA87-6A2F-4F3D-94C3-6D7D801824B2}.Release|x64.Build.0 = Release|x64
		{8666FA87-6A2F-4F3D-94C3-6D7D801824B2}.Release|x86.ActiveCfg = Release|Win32
		{8666FA87-6A2F-4F3D-94C3-6D7D801824B2}.Release|x86.Build.0 = Release|Win32
		{3F89ED2E-50F8-480C-88AE-1EA0FFC269CF}.Debug|x64.ActiveCfg = Debug|x64
		{3F89ED2E-50F8-480C-88AE-1EA0FFC269CF}.Debug|x64.Build.0 = Debug|x64
		{3F89ED2E-50F8-480C-88AE-1EA0FFC269CF}.Debug|x86.ActiveCfg = Debug|Win32
		{3F89ED2E-50F8-480C-88AE-1EA0FFC269CF}.Debug|x86.Build.0 = Debug|Win32
		{3F89ED2E-50F8-480C-88AE-1EA0FFC269CF}.Release|x64.ActiveCfg = Release|x64
		{3F89ED2E-50F8-480C-88AE-1EA0FFC269CF}.Release|x64.Build.0 = Release|x64
		{3F89ED2E-50F8-480C-88AE-1EA0FFC269CF}.Release|x86.ActiveCfg = Release|Win32
		{3F89ED2E-50F8-480C-88AE-1EA0FFC269CF}.Release|x86.Build.0 = Release|Win32
		{5E8CAD42-DA0F-4E87-88D3-E62F005ABD8E}.Debug|x64.ActiveCfg = Debug|x64
		{5E8CAD42-DA0F-4E87-88D3-E62F005ABD8E}.Debug|x64.Build.0 = Debug|x64
		{5E8CAD42-DA0F-4E87-88D3-E62F005ABD8E}.Debug|x86.ActiveCfg = Debug|Win32
		{5E8CAD42-DA0F-4E87-88D3-E62F005ABD8E}.Debug|x86.Build.0 = Debug|Win32
		{5E8CAD42-DA0F-4E87-88D3-E62F005ABD8E}.Release|x64.ActiveCfg = Release|x64
		{5E8CAD42-DA0F-4E87-88D3-E62F005ABD8E}.Release|x64.Build.0 = Release|x64
		{5E8CAD42-DA0F-4E87-88D3-E62F005ABD8E}.Release|x86.ActiveCfg = Release|Win32
		{5E8CAD42-DA0F-4E87-88D3-E62F005ABD8E}.Release|x86.Build.0 = Release|Win32
		{B27799EB-85ED-4848-8F62-0780071E28DD}.Debug|x64.ActiveCfg = Debug|x64
		{B27799EB-85ED-4848-8F62-0780071E28DD}.Debug|x64.Build.0 = Debug|x64
		{B27799EB-85ED-4848-8F62-0780071E28DD}.Debug|x86.ActiveCfg = Debug|Win32
		{B27799EB-85ED-4848-8F62-0780071E28DD}.Debug|x86.Build.0 = Debug|Win32
		{B27799EB-85ED-4848-8F62-0780071E28DD}.Release|x64.ActiveCfg = Release|x64
		{B27799EB-85ED-4848-8F62-0780071E28DD}.Release|x64.Build.0 = Release|x64
		{B27799EB-85ED-4848-8F62-0780071E28DD}.Release|x86.ActiveCfg = Release|Win32
		{B27799EB-85ED-4848-8F62-0780071E28DD}.Release|x86.Build.0 = Release|Win32
		{9DD31294-E599-492F-8276-3EB7A2B5250B}.Debug|x64.ActiveCfg = Debug|x64
		{9DD31294-E599-492F-8276-3EB7A2B5250B}.Debug|x64.Build.0 = Debug|x64
		{9DD31294-E599-492F-8276-3EB7A2B5250B}.Debug|x86.ActiveCfg = Debug|Win32
		{9DD31294-E599-492F-8276-3EB7A2B5250B}.Debug|x86.Build.0 = Debug|Win32
		{9DD31294-E599-492F-8276-3EB7A2B5250B}.Release|x64.ActiveCfg = Release|x64
		{9DD31294-E599-492F-8276-3EB7A2B5250B}.Release|x64.Build.0 = Release|x64
		{9DD31294-E599-492F-8276-3EB7A2B5250B}.Release|x86.ActiveCfg = Release|Win32
		{9DD31294-E599-492F-8276-3EB7A2B5250B}.Release|x86.Build.0 = Release|Win32
		{BF5EA7F3-B00C-47A6-9ACC-7FD05B007B08}.Debug|x64.ActiveCfg = Debug|x64
		{BF5EA7F3-B00C-47A6-9ACC-7FD05B007B08}.Debug|x64.Build.0 = Debug|x64
		{BF5EA7F3-B00C-47A6-9ACC-7FD05B007B08}.Debug|x86.ActiveCfg = Debug|Win32
		{BF5EA7F3-B00C-47A6-9ACC-7FD05B007B08}.Debug|x86.Build.0 = Debug|Win32
		{BF5EA7F3-B00C-47A6-9ACC-7FD05B007B08}.Release|x64.ActiveCfg = Release|x64
		{BF5EA7F3-B00C-47A6-9ACC-7FD05B007B08}.Release|x64.Build.0 = Release|x64
		{BF5EA7F3-B00C-47A6-9ACC-7FD05B007B08}.Release|x86.ActiveCfg = Release|Win32
		{BF5EA7F3-B00C-47A6-9ACC-7FD05B007B08}.Release|x86.Build.0 = Release|Win32
		{171DA2C2-62F6-476C-8E47-ADDA8B865E45}.Debug|x64.ActiveCfg = Debug|x64
		{171DA2C2-62F6-476C-8E47-ADDA8B865E45}.Debug|x64.Build.0 = Debug|x64
		{171DA2C2-62F6-476C-8E47-ADDA8B865E45}.Debug|x86.ActiveCfg = Debug|Win32
		{171DA2C2-62F6-476C-8E47-ADDA8B865E45}.Debug|x86.Build.0 = Debug|Win32
		{171DA2C2-62F6-476C-8E47-ADDA8B865E45}.Release|x64.ActiveCfg = Release|x64
		{171DA2C2-62F6-476C-8E47-ADDA8B865E45}.Release|x64.Build.0 = Release|x64
		{171DA2C2-62F6-476C-8E47-ADDA8B865E45}.Release|x86.ActiveCfg = Release|Win32
		{171DA2C2-62F6-476C-8E47-ADDA8B865E45}.Release|x86.Build.0 = Release|Win32
		{541D44FC-FA72-4E35-A229-E6A34EA03A0F}.Debug|x64.ActiveCfg = Debug|x64
		{541D44FC-FA72-4E35-A229-E6A34EA03A0F}.Debug|x64.Build.0 = Debug|x64
		{541D44FC-FA72-4E35-A229-E6A34EA03A0F}.Debug|x86.ActiveCfg = Debug|Win32
		{541D44FC-FA72-4E35-A229-E6A34EA03A0F}.Debug|x86.Build.0 = Debug|Win32
		{541D44FC-FA72-4E35-A229-E6A34EA03A0F}.Release|x64.ActiveCfg = Release|x64
		{541D44FC-FA72-4E35-A229-E6A34EA03A0F}.Release|x64.Build.0 = Release|x64
		{541D44FC-FA72-4E35-A229-E6A34EA03A0F}.Release|x86.ActiveCfg = Release|Win32
		{541D44FC-FA72-4E35-A229-E6A34EA03A0F}.Release|x86.Build.0 = Release|Win32
		{08C58FC3-8E83-423D-ADFF-A80F4F676123}.Debug|x64.ActiveCfg = Debug|x64
		{08C58FC3-8E83-423D-ADFF-A80F4F676123}.Debug|x64.Build.0 = Debug|x64
		{08C58FC3-8E83-423D-ADFF-A80F4F676123}.Debug|x86.ActiveCfg = Debug|Win32
		{08C58FC3-8E83-423D-ADFF-A80F4F676123}.Debug|x86.Build.0 = Debug|Win32
		{08C58FC3-8E83-423D-ADFF-A80F4F676123}.Release|x64.ActiveCfg = Release|x64
		{08C58FC3-8E83-423D-ADFF-A80F4F676123}.Release|x64.Build.0 = Release|x64
		{08C58FC3-8E83-423D-ADFF-A80F4F676123}.Release|x86.ActiveCfg = Release|Win32
		{08C58FC3-8E83-423D-ADFF-A80F4F676123}.Release|x86.Build.0 = Release|Win32
		{E2CF63BA-7A49-4066-A1D2-AABA1784E06C}.Debug|x64.ActiveCfg = Debug|x64
		{E2CF63BA-7A49-4066-A1D2-AABA1784E06C}.Debug|x64.Build.0 = Debug|x64
		{E2CF63BA-7A49-4066-A1D2-AABA1784E06C}.Debug|x86.ActiveCfg = Debug|Win32
		{E2CF63BA-7A49-4066-A1D2-AABA1784E06C}.Debug|x86.Build.0 = Debug|Win32
		{E2CF63BA-7A49-4066-A1D2-AABA1784E06C}.Release|x64.ActiveCfg = Release|x64
		{E2CF63BA-7A49-4066-A1D2-AABA1784E06C}.Release|x64.Build.0 = Release|x64
		{E2CF63BA-7A49-4066-A1D2-AABA1784E06C}.Release|x86.ActiveCfg = Release|Win32
		{E2CF63BA-7A49-4066-A1D2-AABA1784E06C}.Release|x86.Build.0 = Release|Win32
	EndGlobalSection
	GlobalSection(SolutionProperties) = preSolution
		HideSolutionNode = FALSE
	EndGlobalSection
	GlobalSection(ExtensibilityGlobals) = postSolution
		SolutionGuid = {65745C99-5FF8-44BB-A2EE-E265FB461DD6}
	EndGlobalSection
EndGlobal
