
Microsoft Visual Studio Solution File, Format Version 12.00
# Visual Studio Version 17
VisualStudioVersion = 17.3.32901.215
MinimumVisualStudioVersion = 10.0.40219.1
Project("{8BC9CEB8-8B4A-11D0-8D11-00A0C91BC942}") = "Task 1", "Task 1\Task 1.vcxproj", "{32059839-6945-4345-BA79-C892F5912EC7}"
EndProject
Project("{8BC9CEB8-8B4A-11D0-8D11-00A0C91BC942}") = "Task 2", "Task 2\Task 2.vcxproj", "{3A24CAE9-03B4-4ECF-B268-FE6E8ABFAD5F}"
EndProject
Project("{8BC9CEB8-8B4A-11D0-8D11-00A0C91BC942}") = "Task 3", "Task 3\Task 3.vcxproj", "{DC303BA8-A7B5-4DF3-87DA-A2285C7CF83E}"
EndProject
Project("{8BC9CEB8-8B4A-11D0-8D11-00A0C91BC942}") = "Task 4", "Task 4\Task 4.vcxproj", "{6981770F-5A7B-44FC-8130-6BCE7980CA4E}"
EndProject
Project("{8BC9CEB8-8B4A-11D0-8D11-00A0C91BC942}") = "Task 5", "Task 5\Task 5.vcxproj", "{07A78BC7-894B-4362-9A87-F7B1F1B1C4CC}"
EndProject
Project("{8BC9CEB8-8B4A-11D0-8D11-00A0C91BC942}") = "Task 6", "Task 6\Task 6.vcxproj", "{1200BFC9-55BD-46CB-A123-1A4BD7245BD7}"
EndProject
Project("{8BC9CEB8-8B4A-11D0-8D11-00A0C91BC942}") = "Task 7", "Task 7\Task 7.vcxproj", "{BE8E17C7-3119-41EE-99AF-A843190F17C1}"
EndProject
Project("{8BC9CEB8-8B4A-11D0-8D11-00A0C91BC942}") = "Task 8", "Task 8\Task 8.vcxproj", "{F4E25AF1-F206-4EC6-AF53-AD1F9929D804}"
EndProject
Project("{8BC9CEB8-8B4A-11D0-8D11-00A0C91BC942}") = "Task 9", "Task 9\Task 9.vcxproj", "{52D7C326-D655-4AC7-B8C7-78AB265EC748}"
EndProject
Project("{8BC9CEB8-8B4A-11D0-8D11-00A0C91BC942}") = "Task 10", "Task 10\Task 10.vcxproj", "{1CF0517A-6B77-420B-A457-024D9DEF0F99}"
EndProject
Global
	GlobalSection(SolutionConfigurationPlatforms) = preSolution
		Debug|x64 = Debug|x64
		Debug|x86 = Debug|x86
		Release|x64 = Release|x64
		Release|x86 = Release|x86
	EndGlobalSection
	GlobalSection(ProjectConfigurationPlatforms) = postSolution
		{32059839-6945-4345-BA79-C892F5912EC7}.Debug|x64.ActiveCfg = Debug|x64
		{32059839-6945-4345-BA79-C892F5912EC7}.Debug|x64.Build.0 = Debug|x64
		{32059839-6945-4345-BA79-C892F5912EC7}.Debug|x86.ActiveCfg = Debug|Win32
		{32059839-6945-4345-BA79-C892F5912EC7}.Debug|x86.Build.0 = Debug|Win32
		{32059839-6945-4345-BA79-C892F5912EC7}.Release|x64.ActiveCfg = Release|x64
		{32059839-6945-4345-BA79-C892F5912EC7}.Release|x64.Build.0 = Release|x64
		{32059839-6945-4345-BA79-C892F5912EC7}.Release|x86.ActiveCfg = Release|Win32
		{32059839-6945-4345-BA79-C892F5912EC7}.Release|x86.Build.0 = Release|Win32
		{3A24CAE9-03B4-4ECF-B268-FE6E8ABFAD5F}.Debug|x64.ActiveCfg = Debug|x64
		{3A24CAE9-03B4-4ECF-B268-FE6E8ABFAD5F}.Debug|x64.Build.0 = Debug|x64
		{3A24CAE9-03B4-4ECF-B268-FE6E8ABFAD5F}.Debug|x86.ActiveCfg = Debug|Win32
		{3A24CAE9-03B4-4ECF-B268-FE6E8ABFAD5F}.Debug|x86.Build.0 = Debug|Win32
		{3A24CAE9-03B4-4ECF-B268-FE6E8ABFAD5F}.Release|x64.ActiveCfg = Release|x64
		{3A24CAE9-03B4-4ECF-B268-FE6E8ABFAD5F}.Release|x64.Build.0 = Release|x64
		{3A24CAE9-03B4-4ECF-B268-FE6E8ABFAD5F}.Release|x86.ActiveCfg = Release|Win32
		{3A24CAE9-03B4-4ECF-B268-FE6E8ABFAD5F}.Release|x86.Build.0 = Release|Win32
		{DC303BA8-A7B5-4DF3-87DA-A2285C7CF83E}.Debug|x64.ActiveCfg = Debug|x64
		{DC303BA8-A7B5-4DF3-87DA-A2285C7CF83E}.Debug|x64.Build.0 = Debug|x64
		{DC303BA8-A7B5-4DF3-87DA-A2285C7CF83E}.Debug|x86.ActiveCfg = Debug|Win32
		{DC303BA8-A7B5-4DF3-87DA-A2285C7CF83E}.Debug|x86.Build.0 = Debug|Win32
		{DC303BA8-A7B5-4DF3-87DA-A2285C7CF83E}.Release|x64.ActiveCfg = Release|x64
		{DC303BA8-A7B5-4DF3-87DA-A2285C7CF83E}.Release|x64.Build.0 = Release|x64
		{DC303BA8-A7B5-4DF3-87DA-A2285C7CF83E}.Release|x86.ActiveCfg = Release|Win32
		{DC303BA8-A7B5-4DF3-87DA-A2285C7CF83E}.Release|x86.Build.0 = Release|Win32
		{6981770F-5A7B-44FC-8130-6BCE7980CA4E}.Debug|x64.ActiveCfg = Debug|x64
		{6981770F-5A7B-44FC-8130-6BCE7980CA4E}.Debug|x64.Build.0 = Debug|x64
		{6981770F-5A7B-44FC-8130-6BCE7980CA4E}.Debug|x86.ActiveCfg = Debug|Win32
		{6981770F-5A7B-44FC-8130-6BCE7980CA4E}.Debug|x86.Build.0 = Debug|Win32
		{6981770F-5A7B-44FC-8130-6BCE7980CA4E}.Release|x64.ActiveCfg = Release|x64
		{6981770F-5A7B-44FC-8130-6BCE7980CA4E}.Release|x64.Build.0 = Release|x64
		{6981770F-5A7B-44FC-8130-6BCE7980CA4E}.Release|x86.ActiveCfg = Release|Win32
		{6981770F-5A7B-44FC-8130-6BCE7980CA4E}.Release|x86.Build.0 = Release|Win32
		{07A78BC7-894B-4362-9A87-F7B1F1B1C4CC}.Debug|x64.ActiveCfg = Debug|x64
		{07A78BC7-894B-4362-9A87-F7B1F1B1C4CC}.Debug|x64.Build.0 = Debug|x64
		{07A78BC7-894B-4362-9A87-F7B1F1B1C4CC}.Debug|x86.ActiveCfg = Debug|Win32
		{07A78BC7-894B-4362-9A87-F7B1F1B1C4CC}.Debug|x86.Build.0 = Debug|Win32
		{07A78BC7-894B-4362-9A87-F7B1F1B1C4CC}.Release|x64.ActiveCfg = Release|x64
		{07A78BC7-894B-4362-9A87-F7B1F1B1C4CC}.Release|x64.Build.0 = Release|x64
		{07A78BC7-894B-4362-9A87-F7B1F1B1C4CC}.Release|x86.ActiveCfg = Release|Win32
		{07A78BC7-894B-4362-9A87-F7B1F1B1C4CC}.Release|x86.Build.0 = Release|Win32
		{1200BFC9-55BD-46CB-A123-1A4BD7245BD7}.Debug|x64.ActiveCfg = Debug|x64
		{1200BFC9-55BD-46CB-A123-1A4BD7245BD7}.Debug|x64.Build.0 = Debug|x64
		{1200BFC9-55BD-46CB-A123-1A4BD7245BD7}.Debug|x86.ActiveCfg = Debug|Win32
		{1200BFC9-55BD-46CB-A123-1A4BD7245BD7}.Debug|x86.Build.0 = Debug|Win32
		{1200BFC9-55BD-46CB-A123-1A4BD7245BD7}.Release|x64.ActiveCfg = Release|x64
		{1200BFC9-55BD-46CB-A123-1A4BD7245BD7}.Release|x64.Build.0 = Release|x64
		{1200BFC9-55BD-46CB-A123-1A4BD7245BD7}.Release|x86.ActiveCfg = Release|Win32
		{1200BFC9-55BD-46CB-A123-1A4BD7245BD7}.Release|x86.Build.0 = Release|Win32
		{BE8E17C7-3119-41EE-99AF-A843190F17C1}.Debug|x64.ActiveCfg = Debug|x64
		{BE8E17C7-3119-41EE-99AF-A843190F17C1}.Debug|x64.Build.0 = Debug|x64
		{BE8E17C7-3119-41EE-99AF-A843190F17C1}.Debug|x86.ActiveCfg = Debug|Win32
		{BE8E17C7-3119-41EE-99AF-A843190F17C1}.Debug|x86.Build.0 = Debug|Win32
		{BE8E17C7-3119-41EE-99AF-A843190F17C1}.Release|x64.ActiveCfg = Release|x64
		{BE8E17C7-3119-41EE-99AF-A843190F17C1}.Release|x64.Build.0 = Release|x64
		{BE8E17C7-3119-41EE-99AF-A843190F17C1}.Release|x86.ActiveCfg = Release|Win32
		{BE8E17C7-3119-41EE-99AF-A843190F17C1}.Release|x86.Build.0 = Release|Win32
		{F4E25AF1-F206-4EC6-AF53-AD1F9929D804}.Debug|x64.ActiveCfg = Debug|x64
		{F4E25AF1-F206-4EC6-AF53-AD1F9929D804}.Debug|x64.Build.0 = Debug|x64
		{F4E25AF1-F206-4EC6-AF53-AD1F9929D804}.Debug|x86.ActiveCfg = Debug|Win32
		{F4E25AF1-F206-4EC6-AF53-AD1F9929D804}.Debug|x86.Build.0 = Debug|Win32
		{F4E25AF1-F206-4EC6-AF53-AD1F9929D804}.Release|x64.ActiveCfg = Release|x64
		{F4E25AF1-F206-4EC6-AF53-AD1F9929D804}.Release|x64.Build.0 = Release|x64
		{F4E25AF1-F206-4EC6-AF53-AD1F9929D804}.Release|x86.ActiveCfg = Release|Win32
		{F4E25AF1-F206-4EC6-AF53-AD1F9929D804}.Release|x86.Build.0 = Release|Win32
		{52D7C326-D655-4AC7-B8C7-78AB265EC748}.Debug|x64.ActiveCfg = Debug|x64
		{52D7C326-D655-4AC7-B8C7-78AB265EC748}.Debug|x64.Build.0 = Debug|x64
		{52D7C326-D655-4AC7-B8C7-78AB265EC748}.Debug|x86.ActiveCfg = Debug|Win32
		{52D7C326-D655-4AC7-B8C7-78AB265EC748}.Debug|x86.Build.0 = Debug|Win32
		{52D7C326-D655-4AC7-B8C7-78AB265EC748}.Release|x64.ActiveCfg = Release|x64
		{52D7C326-D655-4AC7-B8C7-78AB265EC748}.Release|x64.Build.0 = Release|x64
		{52D7C326-D655-4AC7-B8C7-78AB265EC748}.Release|x86.ActiveCfg = Release|Win32
		{52D7C326-D655-4AC7-B8C7-78AB265EC748}.Release|x86.Build.0 = Release|Win32
		{1CF0517A-6B77-420B-A457-024D9DEF0F99}.Debug|x64.ActiveCfg = Debug|x64
		{1CF0517A-6B77-420B-A457-024D9DEF0F99}.Debug|x64.Build.0 = Debug|x64
		{1CF0517A-6B77-420B-A457-024D9DEF0F99}.Debug|x86.ActiveCfg = Debug|Win32
		{1CF0517A-6B77-420B-A457-024D9DEF0F99}.Debug|x86.Build.0 = Debug|Win32
		{1CF0517A-6B77-420B-A457-024D9DEF0F99}.Release|x64.ActiveCfg = Release|x64
		{1CF0517A-6B77-420B-A457-024D9DEF0F99}.Release|x64.Build.0 = Release|x64
		{1CF0517A-6B77-420B-A457-024D9DEF0F99}.Release|x86.ActiveCfg = Release|Win32
		{1CF0517A-6B77-420B-A457-024D9DEF0F99}.Release|x86.Build.0 = Release|Win32
	EndGlobalSection
	GlobalSection(SolutionProperties) = preSolution
		HideSolutionNode = FALSE
	EndGlobalSection
	GlobalSection(ExtensibilityGlobals) = postSolution
		SolutionGuid = {3E3CF849-B09A-4C95-AC47-70CA13B87651}
	EndGlobalSection
EndGlobal
